# This file is automatically @generated by Cargo.
# It is not intended for manual editing.
version = 4

[[package]]
name = "boxcar-core"
version = "0.1.0"

[[package]]
name = "boxcar-github"
version = "0.1.0"
dependencies = [
 "boxcar-core",
]

[[package]]
name = "boxcar-sse"
version = "0.1.0"
dependencies = [
 "boxcar-core",
]

[[package]]
name = "boxcar-stdio"
version = "0.1.0"
dependencies = [
 "boxcar-core",
]
